
Microsoft Visual Studio Solution File, Format Version 12.00
# Visual Studio 14
VisualStudioVersion = 14.0.25420.1
MinimumVisualStudioVersion = 10.0.40219.1
Project("{FAE04EC0-301F-11D3-BF4B-00C04F79EFBC}") = "Domla.Archive.Server", "..\Domla.Archive.Server\Domla.Archive.Server.csproj", "{ABE0D805-BE1E-42BC-BFDE-108A25C1DD7C}"
EndProject
Project("{FAE04EC0-301F-11D3-BF4B-00C04F79EFBC}") = "Domla.Transform.Server", "..\Domla.Transform.Server\Domla.Transform.Server.csproj", "{2E619D49-9842-41EB-8543-B00939A29571}"
EndProject
Project("{FAE04EC0-301F-11D3-BF4B-00C04F79EFBC}") = "Domla.Master.Server", "..\Domla.Master.Server\Domla.Master.Server.csproj", "{89B72D0B-9AE9-437F-B74F-C3BC76DF1D94}"
EndProject
Project("{FAE04EC0-301F-11D3-BF4B-00C04F79EFBC}") = "Domla.Transform.Server.Runner", "..\Domla.Transform.Server.Runner\Domla.Transform.Server.Runner.csproj", "{03015F34-3B29-4E42-95C3-B0763E448706}"
EndProject
Project("{FAE04EC0-301F-11D3-BF4B-00C04F79EFBC}") = "Domla.Service", "..\Domla.Service\Domla.Service.csproj", "{B0DC92BD-3BB6-4B11-BEA3-F7A2247B4B1A}"
EndProject
Project("{FAE04EC0-301F-11D3-BF4B-00C04F79EFBC}") = "Domla.Test.Server", "..\Domla.Test.Server\Domla.Test.Server.csproj", "{13123BB6-5954-4EB1-8EB6-310846A4982B}"
EndProject
Project("{FAE04EC0-301F-11D3-BF4B-00C04F79EFBC}") = "Domla.Update.Server", "..\Domla.Update.Server\Domla.Update.Server.csproj", "{C4DB879D-2997-43F3-9CE6-8C0E2D2531B2}"
EndProject
Project("{FAE04EC0-301F-11D3-BF4B-00C04F79EFBC}") = "Domla.Application.Server", "..\Domla.Application.Server\Domla.Application.Server.csproj", "{FACD0DCE-BA5A-4951-9008-DF334941941B}"
	ProjectSection(ProjectDependencies) = postProject
		{2539BBBB-339F-4AC0-B7FE-4659EFD1D661} = {2539BBBB-339F-4AC0-B7FE-4659EFD1D661}
	EndProjectSection
EndProject
Project("{FAE04EC0-301F-11D3-BF4B-00C04F79EFBC}") = "Domla.Search.Server", "..\Domla.Search.Server\Domla.Search.Server.csproj", "{2539BBBB-339F-4AC0-B7FE-4659EFD1D661}"
EndProject
Project("{FAE04EC0-301F-11D3-BF4B-00C04F79EFBC}") = "Domla.Archive.Test", "..\Domla.Archive.Test\Domla.Archive.Test.csproj", "{D8397822-2339-4D4C-B9DA-E9942286F358}"
EndProject
Project("{FAE04EC0-301F-11D3-BF4B-00C04F79EFBC}") = "Domla.Archive.Tests", "..\Domla.Archive.Tests\Domla.Archive.Tests.csproj", "{8EDF4429-251A-416D-BB68-93F227191BCF}"
EndProject
Project("{FAE04EC0-301F-11D3-BF4B-00C04F79EFBC}") = "Domla.License.Server", "..\Domla.License.Server\Domla.License.Server.csproj", "{57D45991-8EDE-477C-B19A-35177BF67BF1}"
EndProject
Project("{FAE04EC0-301F-11D3-BF4B-00C04F79EFBC}") = "Domla.License.Tests", "..\Domla.License.Tests\Domla.License.Tests.csproj", "{202DD802-10F6-450A-ACE7-EF45AA4CF7D7}"
EndProject
Project("{FAE04EC0-301F-11D3-BF4B-00C04F79EFBC}") = "Domla.Archive.Client.Web", "..\Domla.Archive.Client.Web\Domla.Archive.Client.Web.csproj", "{35460AA4-B94A-4B64-9418-7243EC3D2F01}"
EndProject
Project("{FAE04EC0-301F-11D3-BF4B-00C04F79EFBC}") = "Domla.Update.Client.Web", "..\Domla.Update.Client.Web\Domla.Update.Client.Web.csproj", "{67B4A011-63EA-4849-9A4B-B47A67012051}"
EndProject
Project("{FAE04EC0-301F-11D3-BF4B-00C04F79EFBC}") = "Domla.Archive.FolderMonitor", "..\Domla.Archive.FolderMonitor\Domla.Archive.FolderMonitor.csproj", "{ED018491-2E70-4A47-AE74-48C0F05F1780}"
EndProject
Global
	GlobalSection(SubversionScc) = preSolution
		Svn-Managed = True
		Manager = AnkhSVN - Subversion Support for Visual Studio
	EndGlobalSection
	GlobalSection(SolutionConfigurationPlatforms) = preSolution
		Debug|Any CPU = Debug|Any CPU
		Debug|Mixed Platforms = Debug|Mixed Platforms
		Debug|x86 = Debug|x86
		DebugMono|Any CPU = DebugMono|Any CPU
		DebugMono|Mixed Platforms = DebugMono|Mixed Platforms
		DebugMono|x86 = DebugMono|x86
		Release|Any CPU = Release|Any CPU
		Release|Mixed Platforms = Release|Mixed Platforms
		Release|x86 = Release|x86
		ReleaseMono|Any CPU = ReleaseMono|Any CPU
		ReleaseMono|Mixed Platforms = ReleaseMono|Mixed Platforms
		ReleaseMono|x86 = ReleaseMono|x86
	EndGlobalSection
	GlobalSection(ProjectConfigurationPlatforms) = postSolution
		{ABE0D805-BE1E-42BC-BFDE-108A25C1DD7C}.Debug|Any CPU.ActiveCfg = Debug|Any CPU
		{ABE0D805-BE1E-42BC-BFDE-108A25C1DD7C}.Debug|Any CPU.Build.0 = Debug|Any CPU
		{ABE0D805-BE1E-42BC-BFDE-108A25C1DD7C}.Debug|Mixed Platforms.ActiveCfg = Debug|Any CPU
		{ABE0D805-BE1E-42BC-BFDE-108A25C1DD7C}.Debug|Mixed Platforms.Build.0 = Debug|Any CPU
		{ABE0D805-BE1E-42BC-BFDE-108A25C1DD7C}.Debug|x86.ActiveCfg = Debug|Any CPU
		{ABE0D805-BE1E-42BC-BFDE-108A25C1DD7C}.DebugMono|Any CPU.ActiveCfg = DebugMono|Any CPU
		{ABE0D805-BE1E-42BC-BFDE-108A25C1DD7C}.DebugMono|Any CPU.Build.0 = DebugMono|Any CPU
		{ABE0D805-BE1E-42BC-BFDE-108A25C1DD7C}.DebugMono|Mixed Platforms.ActiveCfg = DebugMono|Any CPU
		{ABE0D805-BE1E-42BC-BFDE-108A25C1DD7C}.DebugMono|x86.ActiveCfg = DebugMono|Any CPU
		{ABE0D805-BE1E-42BC-BFDE-108A25C1DD7C}.Release|Any CPU.ActiveCfg = Release|Any CPU
		{ABE0D805-BE1E-42BC-BFDE-108A25C1DD7C}.Release|Any CPU.Build.0 = Release|Any CPU
		{ABE0D805-BE1E-42BC-BFDE-108A25C1DD7C}.Release|Mixed Platforms.ActiveCfg = Release|Any CPU
		{ABE0D805-BE1E-42BC-BFDE-108A25C1DD7C}.Release|Mixed Platforms.Build.0 = Release|Any CPU
		{ABE0D805-BE1E-42BC-BFDE-108A25C1DD7C}.Release|x86.ActiveCfg = Release|Any CPU
		{ABE0D805-BE1E-42BC-BFDE-108A25C1DD7C}.ReleaseMono|Any CPU.ActiveCfg = ReleaseMono|Any CPU
		{ABE0D805-BE1E-42BC-BFDE-108A25C1DD7C}.ReleaseMono|Any CPU.Build.0 = ReleaseMono|Any CPU
		{ABE0D805-BE1E-42BC-BFDE-108A25C1DD7C}.ReleaseMono|Mixed Platforms.ActiveCfg = ReleaseMono|Any CPU
		{ABE0D805-BE1E-42BC-BFDE-108A25C1DD7C}.ReleaseMono|x86.ActiveCfg = ReleaseMono|Any CPU
		{2E619D49-9842-41EB-8543-B00939A29571}.Debug|Any CPU.ActiveCfg = Debug|Any CPU
		{2E619D49-9842-41EB-8543-B00939A29571}.Debug|Mixed Platforms.ActiveCfg = Debug|Any CPU
		{2E619D49-9842-41EB-8543-B00939A29571}.Debug|x86.ActiveCfg = Debug|Any CPU
		{2E619D49-9842-41EB-8543-B00939A29571}.DebugMono|Any CPU.ActiveCfg = DebugMono|Any CPU
		{2E619D49-9842-41EB-8543-B00939A29571}.DebugMono|Mixed Platforms.ActiveCfg = DebugMono|Any CPU
		{2E619D49-9842-41EB-8543-B00939A29571}.DebugMono|x86.ActiveCfg = DebugMono|Any CPU
		{2E619D49-9842-41EB-8543-B00939A29571}.Release|Any CPU.ActiveCfg = Release|Any CPU
		{2E619D49-9842-41EB-8543-B00939A29571}.Release|Mixed Platforms.ActiveCfg = Release|Any CPU
		{2E619D49-9842-41EB-8543-B00939A29571}.Release|x86.ActiveCfg = Release|Any CPU
		{2E619D49-9842-41EB-8543-B00939A29571}.ReleaseMono|Any CPU.ActiveCfg = ReleaseMono|Any CPU
		{2E619D49-9842-41EB-8543-B00939A29571}.ReleaseMono|Mixed Platforms.ActiveCfg = ReleaseMono|Any CPU
		{2E619D49-9842-41EB-8543-B00939A29571}.ReleaseMono|x86.ActiveCfg = ReleaseMono|Any CPU
		{89B72D0B-9AE9-437F-B74F-C3BC76DF1D94}.Debug|Any CPU.ActiveCfg = Debug|Any CPU
		{89B72D0B-9AE9-437F-B74F-C3BC76DF1D94}.Debug|Any CPU.Build.0 = Debug|Any CPU
		{89B72D0B-9AE9-437F-B74F-C3BC76DF1D94}.Debug|Mixed Platforms.ActiveCfg = Debug|Any CPU
		{89B72D0B-9AE9-437F-B74F-C3BC76DF1D94}.Debug|Mixed Platforms.Build.0 = Debug|Any CPU
		{89B72D0B-9AE9-437F-B74F-C3BC76DF1D94}.Debug|x86.ActiveCfg = Debug|Any CPU
		{89B72D0B-9AE9-437F-B74F-C3BC76DF1D94}.DebugMono|Any CPU.ActiveCfg = DebugMono|Any CPU
		{89B72D0B-9AE9-437F-B74F-C3BC76DF1D94}.DebugMono|Any CPU.Build.0 = DebugMono|Any CPU
		{89B72D0B-9AE9-437F-B74F-C3BC76DF1D94}.DebugMono|Mixed Platforms.ActiveCfg = DebugMono|Any CPU
		{89B72D0B-9AE9-437F-B74F-C3BC76DF1D94}.DebugMono|x86.ActiveCfg = DebugMono|Any CPU
		{89B72D0B-9AE9-437F-B74F-C3BC76DF1D94}.Release|Any CPU.ActiveCfg = Release|Any CPU
		{89B72D0B-9AE9-437F-B74F-C3BC76DF1D94}.Release|Any CPU.Build.0 = Release|Any CPU
		{89B72D0B-9AE9-437F-B74F-C3BC76DF1D94}.Release|Mixed Platforms.ActiveCfg = Release|Any CPU
		{89B72D0B-9AE9-437F-B74F-C3BC76DF1D94}.Release|Mixed Platforms.Build.0 = Release|Any CPU
		{89B72D0B-9AE9-437F-B74F-C3BC76DF1D94}.Release|x86.ActiveCfg = Release|Any CPU
		{89B72D0B-9AE9-437F-B74F-C3BC76DF1D94}.ReleaseMono|Any CPU.ActiveCfg = ReleaseMono|Any CPU
		{89B72D0B-9AE9-437F-B74F-C3BC76DF1D94}.ReleaseMono|Any CPU.Build.0 = ReleaseMono|Any CPU
		{89B72D0B-9AE9-437F-B74F-C3BC76DF1D94}.ReleaseMono|Mixed Platforms.ActiveCfg = ReleaseMono|Any CPU
		{89B72D0B-9AE9-437F-B74F-C3BC76DF1D94}.ReleaseMono|x86.ActiveCfg = ReleaseMono|Any CPU
		{03015F34-3B29-4E42-95C3-B0763E448706}.Debug|Any CPU.ActiveCfg = Debug|x86
		{03015F34-3B29-4E42-95C3-B0763E448706}.Debug|Mixed Platforms.ActiveCfg = Debug|x86
		{03015F34-3B29-4E42-95C3-B0763E448706}.Debug|x86.ActiveCfg = Debug|x86
		{03015F34-3B29-4E42-95C3-B0763E448706}.Debug|x86.Build.0 = Debug|x86
		{03015F34-3B29-4E42-95C3-B0763E448706}.DebugMono|Any CPU.ActiveCfg = DebugMono|Any CPU
		{03015F34-3B29-4E42-95C3-B0763E448706}.DebugMono|Mixed Platforms.ActiveCfg = DebugMono|Any CPU
		{03015F34-3B29-4E42-95C3-B0763E448706}.DebugMono|x86.ActiveCfg = DebugMono|Any CPU
		{03015F34-3B29-4E42-95C3-B0763E448706}.Release|Any CPU.ActiveCfg = Release|x86
		{03015F34-3B29-4E42-95C3-B0763E448706}.Release|Mixed Platforms.ActiveCfg = Release|x86
		{03015F34-3B29-4E42-95C3-B0763E448706}.Release|x86.ActiveCfg = Release|x86
		{03015F34-3B29-4E42-95C3-B0763E448706}.Release|x86.Build.0 = Release|x86
		{03015F34-3B29-4E42-95C3-B0763E448706}.ReleaseMono|Any CPU.ActiveCfg = ReleaseMono|Any CPU
		{03015F34-3B29-4E42-95C3-B0763E448706}.ReleaseMono|Mixed Platforms.ActiveCfg = ReleaseMono|Any CPU
		{03015F34-3B29-4E42-95C3-B0763E448706}.ReleaseMono|x86.ActiveCfg = ReleaseMono|Any CPU
		{B0DC92BD-3BB6-4B11-BEA3-F7A2247B4B1A}.Debug|Any CPU.ActiveCfg = Debug|x86
		{B0DC92BD-3BB6-4B11-BEA3-F7A2247B4B1A}.Debug|Any CPU.Build.0 = Debug|x86
		{B0DC92BD-3BB6-4B11-BEA3-F7A2247B4B1A}.Debug|Mixed Platforms.ActiveCfg = Debug|x86
		{B0DC92BD-3BB6-4B11-BEA3-F7A2247B4B1A}.Debug|Mixed Platforms.Build.0 = Debug|x86
		{B0DC92BD-3BB6-4B11-BEA3-F7A2247B4B1A}.Debug|x86.ActiveCfg = Debug|x86
		{B0DC92BD-3BB6-4B11-BEA3-F7A2247B4B1A}.Debug|x86.Build.0 = Debug|x86
		{B0DC92BD-3BB6-4B11-BEA3-F7A2247B4B1A}.DebugMono|Any CPU.ActiveCfg = DebugMono|Any CPU
		{B0DC92BD-3BB6-4B11-BEA3-F7A2247B4B1A}.DebugMono|Any CPU.Build.0 = DebugMono|Any CPU
		{B0DC92BD-3BB6-4B11-BEA3-F7A2247B4B1A}.DebugMono|Mixed Platforms.ActiveCfg = DebugMono|Any CPU
		{B0DC92BD-3BB6-4B11-BEA3-F7A2247B4B1A}.DebugMono|x86.ActiveCfg = DebugMono|Any CPU
		{B0DC92BD-3BB6-4B11-BEA3-F7A2247B4B1A}.Release|Any CPU.ActiveCfg = Release|x86
		{B0DC92BD-3BB6-4B11-BEA3-F7A2247B4B1A}.Release|Any CPU.Build.0 = Release|x86
		{B0DC92BD-3BB6-4B11-BEA3-F7A2247B4B1A}.Release|Mixed Platforms.ActiveCfg = Release|x86
		{B0DC92BD-3BB6-4B11-BEA3-F7A2247B4B1A}.Release|Mixed Platforms.Build.0 = Release|x86
		{B0DC92BD-3BB6-4B11-BEA3-F7A2247B4B1A}.Release|x86.ActiveCfg = Release|x86
		{B0DC92BD-3BB6-4B11-BEA3-F7A2247B4B1A}.Release|x86.Build.0 = Release|x86
		{B0DC92BD-3BB6-4B11-BEA3-F7A2247B4B1A}.ReleaseMono|Any CPU.ActiveCfg = ReleaseMono|Any CPU
		{B0DC92BD-3BB6-4B11-BEA3-F7A2247B4B1A}.ReleaseMono|Any CPU.Build.0 = ReleaseMono|Any CPU
		{B0DC92BD-3BB6-4B11-BEA3-F7A2247B4B1A}.ReleaseMono|Mixed Platforms.ActiveCfg = ReleaseMono|Any CPU
		{B0DC92BD-3BB6-4B11-BEA3-F7A2247B4B1A}.ReleaseMono|x86.ActiveCfg = ReleaseMono|Any CPU
		{13123BB6-5954-4EB1-8EB6-310846A4982B}.Debug|Any CPU.ActiveCfg = Debug|x86
		{13123BB6-5954-4EB1-8EB6-310846A4982B}.Debug|Any CPU.Build.0 = Debug|x86
		{13123BB6-5954-4EB1-8EB6-310846A4982B}.Debug|Mixed Platforms.ActiveCfg = Debug|x86
		{13123BB6-5954-4EB1-8EB6-310846A4982B}.Debug|x86.ActiveCfg = Debug|x86
		{13123BB6-5954-4EB1-8EB6-310846A4982B}.Debug|x86.Build.0 = Debug|x86
		{13123BB6-5954-4EB1-8EB6-310846A4982B}.DebugMono|Any CPU.ActiveCfg = DebugMono|Any CPU
		{13123BB6-5954-4EB1-8EB6-310846A4982B}.DebugMono|Mixed Platforms.ActiveCfg = DebugMono|Any CPU
		{13123BB6-5954-4EB1-8EB6-310846A4982B}.DebugMono|x86.ActiveCfg = DebugMono|Any CPU
		{13123BB6-5954-4EB1-8EB6-310846A4982B}.Release|Any CPU.ActiveCfg = Release|x86
		{13123BB6-5954-4EB1-8EB6-310846A4982B}.Release|Mixed Platforms.ActiveCfg = Release|x86
		{13123BB6-5954-4EB1-8EB6-310846A4982B}.Release|x86.ActiveCfg = Release|x86
		{13123BB6-5954-4EB1-8EB6-310846A4982B}.Release|x86.Build.0 = Release|x86
		{13123BB6-5954-4EB1-8EB6-310846A4982B}.ReleaseMono|Any CPU.ActiveCfg = ReleaseMono|Any CPU
		{13123BB6-5954-4EB1-8EB6-310846A4982B}.ReleaseMono|Mixed Platforms.ActiveCfg = ReleaseMono|Any CPU
		{13123BB6-5954-4EB1-8EB6-310846A4982B}.ReleaseMono|x86.ActiveCfg = ReleaseMono|Any CPU
		{C4DB879D-2997-43F3-9CE6-8C0E2D2531B2}.Debug|Any CPU.ActiveCfg = Debug|x86
		{C4DB879D-2997-43F3-9CE6-8C0E2D2531B2}.Debug|Any CPU.Build.0 = Debug|x86
		{C4DB879D-2997-43F3-9CE6-8C0E2D2531B2}.Debug|Mixed Platforms.ActiveCfg = Debug|x86
		{C4DB879D-2997-43F3-9CE6-8C0E2D2531B2}.Debug|Mixed Platforms.Build.0 = Debug|x86
		{C4DB879D-2997-43F3-9CE6-8C0E2D2531B2}.Debug|x86.ActiveCfg = Debug|x86
		{C4DB879D-2997-43F3-9CE6-8C0E2D2531B2}.Debug|x86.Build.0 = Debug|x86
		{C4DB879D-2997-43F3-9CE6-8C0E2D2531B2}.DebugMono|Any CPU.ActiveCfg = DebugMono|Any CPU
		{C4DB879D-2997-43F3-9CE6-8C0E2D2531B2}.DebugMono|Any CPU.Build.0 = DebugMono|Any CPU
		{C4DB879D-2997-43F3-9CE6-8C0E2D2531B2}.DebugMono|Mixed Platforms.ActiveCfg = DebugMono|Any CPU
		{C4DB879D-2997-43F3-9CE6-8C0E2D2531B2}.DebugMono|x86.ActiveCfg = DebugMono|Any CPU
		{C4DB879D-2997-43F3-9CE6-8C0E2D2531B2}.Release|Any CPU.ActiveCfg = Release|x86
		{C4DB879D-2997-43F3-9CE6-8C0E2D2531B2}.Release|Any CPU.Build.0 = Release|x86
		{C4DB879D-2997-43F3-9CE6-8C0E2D2531B2}.Release|Mixed Platforms.ActiveCfg = Release|x86
		{C4DB879D-2997-43F3-9CE6-8C0E2D2531B2}.Release|Mixed Platforms.Build.0 = Release|x86
		{C4DB879D-2997-43F3-9CE6-8C0E2D2531B2}.Release|x86.ActiveCfg = Release|x86
		{C4DB879D-2997-43F3-9CE6-8C0E2D2531B2}.Release|x86.Build.0 = Release|x86
		{C4DB879D-2997-43F3-9CE6-8C0E2D2531B2}.ReleaseMono|Any CPU.ActiveCfg = ReleaseMono|Any CPU
		{C4DB879D-2997-43F3-9CE6-8C0E2D2531B2}.ReleaseMono|Any CPU.Build.0 = ReleaseMono|Any CPU
		{C4DB879D-2997-43F3-9CE6-8C0E2D2531B2}.ReleaseMono|Mixed Platforms.ActiveCfg = ReleaseMono|Any CPU
		{C4DB879D-2997-43F3-9CE6-8C0E2D2531B2}.ReleaseMono|x86.ActiveCfg = ReleaseMono|Any CPU
		{FACD0DCE-BA5A-4951-9008-DF334941941B}.Debug|Any CPU.ActiveCfg = Debug|x86
		{FACD0DCE-BA5A-4951-9008-DF334941941B}.Debug|Any CPU.Build.0 = Debug|x86
		{FACD0DCE-BA5A-4951-9008-DF334941941B}.Debug|Mixed Platforms.ActiveCfg = Debug|x86
		{FACD0DCE-BA5A-4951-9008-DF334941941B}.Debug|Mixed Platforms.Build.0 = Debug|x86
		{FACD0DCE-BA5A-4951-9008-DF334941941B}.Debug|x86.ActiveCfg = Debug|x86
		{FACD0DCE-BA5A-4951-9008-DF334941941B}.Debug|x86.Build.0 = Debug|x86
		{FACD0DCE-BA5A-4951-9008-DF334941941B}.DebugMono|Any CPU.ActiveCfg = DebugMono|Any CPU
		{FACD0DCE-BA5A-4951-9008-DF334941941B}.DebugMono|Any CPU.Build.0 = DebugMono|Any CPU
		{FACD0DCE-BA5A-4951-9008-DF334941941B}.DebugMono|Mixed Platforms.ActiveCfg = DebugMono|Any CPU
		{FACD0DCE-BA5A-4951-9008-DF334941941B}.DebugMono|x86.ActiveCfg = DebugMono|Any CPU
		{FACD0DCE-BA5A-4951-9008-DF334941941B}.Release|Any CPU.ActiveCfg = Release|x86
		{FACD0DCE-BA5A-4951-9008-DF334941941B}.Release|Any CPU.Build.0 = Release|x86
		{FACD0DCE-BA5A-4951-9008-DF334941941B}.Release|Mixed Platforms.ActiveCfg = Release|x86
		{FACD0DCE-BA5A-4951-9008-DF334941941B}.Release|Mixed Platforms.Build.0 = Release|x86
		{FACD0DCE-BA5A-4951-9008-DF334941941B}.Release|x86.ActiveCfg = Release|x86
		{FACD0DCE-BA5A-4951-9008-DF334941941B}.Release|x86.Build.0 = Release|x86
		{FACD0DCE-BA5A-4951-9008-DF334941941B}.ReleaseMono|Any CPU.ActiveCfg = ReleaseMono|Any CPU
		{FACD0DCE-BA5A-4951-9008-DF334941941B}.ReleaseMono|Any CPU.Build.0 = ReleaseMono|Any CPU
		{FACD0DCE-BA5A-4951-9008-DF334941941B}.ReleaseMono|Mixed Platforms.ActiveCfg = ReleaseMono|Any CPU
		{FACD0DCE-BA5A-4951-9008-DF334941941B}.ReleaseMono|x86.ActiveCfg = ReleaseMono|Any CPU
		{2539BBBB-339F-4AC0-B7FE-4659EFD1D661}.Debug|Any CPU.ActiveCfg = Debug|x86
		{2539BBBB-339F-4AC0-B7FE-4659EFD1D661}.Debug|Any CPU.Build.0 = Debug|x86
		{2539BBBB-339F-4AC0-B7FE-4659EFD1D661}.Debug|Mixed Platforms.ActiveCfg = Debug|x86
		{2539BBBB-339F-4AC0-B7FE-4659EFD1D661}.Debug|Mixed Platforms.Build.0 = Debug|x86
		{2539BBBB-339F-4AC0-B7FE-4659EFD1D661}.Debug|x86.ActiveCfg = Debug|x86
		{2539BBBB-339F-4AC0-B7FE-4659EFD1D661}.Debug|x86.Build.0 = Debug|x86
		{2539BBBB-339F-4AC0-B7FE-4659EFD1D661}.DebugMono|Any CPU.ActiveCfg = DebugMono|Any CPU
		{2539BBBB-339F-4AC0-B7FE-4659EFD1D661}.DebugMono|Any CPU.Build.0 = DebugMono|Any CPU
		{2539BBBB-339F-4AC0-B7FE-4659EFD1D661}.DebugMono|Mixed Platforms.ActiveCfg = DebugMono|Any CPU
		{2539BBBB-339F-4AC0-B7FE-4659EFD1D661}.DebugMono|x86.ActiveCfg = DebugMono|Any CPU
		{2539BBBB-339F-4AC0-B7FE-4659EFD1D661}.Release|Any CPU.ActiveCfg = Release|x86
		{2539BBBB-339F-4AC0-B7FE-4659EFD1D661}.Release|Any CPU.Build.0 = Release|x86
		{2539BBBB-339F-4AC0-B7FE-4659EFD1D661}.Release|Mixed Platforms.ActiveCfg = Release|x86
		{2539BBBB-339F-4AC0-B7FE-4659EFD1D661}.Release|Mixed Platforms.Build.0 = Release|x86
		{2539BBBB-339F-4AC0-B7FE-4659EFD1D661}.Release|x86.ActiveCfg = Release|x86
		{2539BBBB-339F-4AC0-B7FE-4659EFD1D661}.Release|x86.Build.0 = Release|x86
		{2539BBBB-339F-4AC0-B7FE-4659EFD1D661}.ReleaseMono|Any CPU.ActiveCfg = ReleaseMono|Any CPU
		{2539BBBB-339F-4AC0-B7FE-4659EFD1D661}.ReleaseMono|Any CPU.Build.0 = ReleaseMono|Any CPU
		{2539BBBB-339F-4AC0-B7FE-4659EFD1D661}.ReleaseMono|Mixed Platforms.ActiveCfg = ReleaseMono|Any CPU
		{2539BBBB-339F-4AC0-B7FE-4659EFD1D661}.ReleaseMono|x86.ActiveCfg = ReleaseMono|Any CPU
		{D8397822-2339-4D4C-B9DA-E9942286F358}.Debug|Any CPU.ActiveCfg = Debug|Any CPU
		{D8397822-2339-4D4C-B9DA-E9942286F358}.Debug|Any CPU.Build.0 = Debug|Any CPU
		{D8397822-2339-4D4C-B9DA-E9942286F358}.Debug|Mixed Platforms.ActiveCfg = Debug|Any CPU
		{D8397822-2339-4D4C-B9DA-E9942286F358}.Debug|x86.ActiveCfg = Debug|Any CPU
		{D8397822-2339-4D4C-B9DA-E9942286F358}.DebugMono|Any CPU.ActiveCfg = DebugMono|Any CPU
		{D8397822-2339-4D4C-B9DA-E9942286F358}.DebugMono|Mixed Platforms.ActiveCfg = DebugMono|Any CPU
		{D8397822-2339-4D4C-B9DA-E9942286F358}.DebugMono|x86.ActiveCfg = DebugMono|Any CPU
		{D8397822-2339-4D4C-B9DA-E9942286F358}.Release|Any CPU.ActiveCfg = Release|Any CPU
		{D8397822-2339-4D4C-B9DA-E9942286F358}.Release|Any CPU.Build.0 = Release|Any CPU
		{D8397822-2339-4D4C-B9DA-E9942286F358}.Release|Mixed Platforms.ActiveCfg = Release|Any CPU
		{D8397822-2339-4D4C-B9DA-E9942286F358}.Release|x86.ActiveCfg = Release|Any CPU
		{D8397822-2339-4D4C-B9DA-E9942286F358}.ReleaseMono|Any CPU.ActiveCfg = ReleaseMono|Any CPU
		{D8397822-2339-4D4C-B9DA-E9942286F358}.ReleaseMono|Mixed Platforms.ActiveCfg = ReleaseMono|Any CPU
		{D8397822-2339-4D4C-B9DA-E9942286F358}.ReleaseMono|x86.ActiveCfg = ReleaseMono|Any CPU
		{8EDF4429-251A-416D-BB68-93F227191BCF}.Debug|Any CPU.ActiveCfg = Debug|Any CPU
		{8EDF4429-251A-416D-BB68-93F227191BCF}.Debug|Any CPU.Build.0 = Debug|Any CPU
		{8EDF4429-251A-416D-BB68-93F227191BCF}.Debug|Mixed Platforms.ActiveCfg = Debug|Any CPU
		{8EDF4429-251A-416D-BB68-93F227191BCF}.Debug|Mixed Platforms.Build.0 = Debug|Any CPU
		{8EDF4429-251A-416D-BB68-93F227191BCF}.Debug|x86.ActiveCfg = Debug|Any CPU
		{8EDF4429-251A-416D-BB68-93F227191BCF}.Debug|x86.Build.0 = Debug|Any CPU
		{8EDF4429-251A-416D-BB68-93F227191BCF}.DebugMono|Any CPU.ActiveCfg = Debug|Any CPU
		{8EDF4429-251A-416D-BB68-93F227191BCF}.DebugMono|Any CPU.Build.0 = Debug|Any CPU
		{8EDF4429-251A-416D-BB68-93F227191BCF}.DebugMono|Mixed Platforms.ActiveCfg = Debug|Any CPU
		{8EDF4429-251A-416D-BB68-93F227191BCF}.DebugMono|Mixed Platforms.Build.0 = Debug|Any CPU
		{8EDF4429-251A-416D-BB68-93F227191BCF}.DebugMono|x86.ActiveCfg = Debug|Any CPU
		{8EDF4429-251A-416D-BB68-93F227191BCF}.DebugMono|x86.Build.0 = Debug|Any CPU
		{8EDF4429-251A-416D-BB68-93F227191BCF}.Release|Any CPU.ActiveCfg = Release|Any CPU
		{8EDF4429-251A-416D-BB68-93F227191BCF}.Release|Any CPU.Build.0 = Release|Any CPU
		{8EDF4429-251A-416D-BB68-93F227191BCF}.Release|Mixed Platforms.ActiveCfg = Release|Any CPU
		{8EDF4429-251A-416D-BB68-93F227191BCF}.Release|Mixed Platforms.Build.0 = Release|Any CPU
		{8EDF4429-251A-416D-BB68-93F227191BCF}.Release|x86.ActiveCfg = Release|Any CPU
		{8EDF4429-251A-416D-BB68-93F227191BCF}.Release|x86.Build.0 = Release|Any CPU
		{8EDF4429-251A-416D-BB68-93F227191BCF}.ReleaseMono|Any CPU.ActiveCfg = Release|Any CPU
		{8EDF4429-251A-416D-BB68-93F227191BCF}.ReleaseMono|Any CPU.Build.0 = Release|Any CPU
		{8EDF4429-251A-416D-BB68-93F227191BCF}.ReleaseMono|Mixed Platforms.ActiveCfg = Release|Any CPU
		{8EDF4429-251A-416D-BB68-93F227191BCF}.ReleaseMono|Mixed Platforms.Build.0 = Release|Any CPU
		{8EDF4429-251A-416D-BB68-93F227191BCF}.ReleaseMono|x86.ActiveCfg = Release|Any CPU
		{8EDF4429-251A-416D-BB68-93F227191BCF}.ReleaseMono|x86.Build.0 = Release|Any CPU
		{57D45991-8EDE-477C-B19A-35177BF67BF1}.Debug|Any CPU.ActiveCfg = Debug|Any CPU
		{57D45991-8EDE-477C-B19A-35177BF67BF1}.Debug|Any CPU.Build.0 = Debug|Any CPU
		{57D45991-8EDE-477C-B19A-35177BF67BF1}.Debug|Mixed Platforms.ActiveCfg = Debug|Any CPU
		{57D45991-8EDE-477C-B19A-35177BF67BF1}.Debug|Mixed Platforms.Build.0 = Debug|Any CPU
		{57D45991-8EDE-477C-B19A-35177BF67BF1}.Debug|x86.ActiveCfg = Debug|Any CPU
		{57D45991-8EDE-477C-B19A-35177BF67BF1}.Debug|x86.Build.0 = Debug|Any CPU
		{57D45991-8EDE-477C-B19A-35177BF67BF1}.DebugMono|Any CPU.ActiveCfg = Debug|Any CPU
		{57D45991-8EDE-477C-B19A-35177BF67BF1}.DebugMono|Any CPU.Build.0 = Debug|Any CPU
		{57D45991-8EDE-477C-B19A-35177BF67BF1}.DebugMono|Mixed Platforms.ActiveCfg = Debug|Any CPU
		{57D45991-8EDE-477C-B19A-35177BF67BF1}.DebugMono|Mixed Platforms.Build.0 = Debug|Any CPU
		{57D45991-8EDE-477C-B19A-35177BF67BF1}.DebugMono|x86.ActiveCfg = Debug|Any CPU
		{57D45991-8EDE-477C-B19A-35177BF67BF1}.DebugMono|x86.Build.0 = Debug|Any CPU
		{57D45991-8EDE-477C-B19A-35177BF67BF1}.Release|Any CPU.ActiveCfg = Release|Any CPU
		{57D45991-8EDE-477C-B19A-35177BF67BF1}.Release|Any CPU.Build.0 = Release|Any CPU
		{57D45991-8EDE-477C-B19A-35177BF67BF1}.Release|Mixed Platforms.ActiveCfg = Release|Any CPU
		{57D45991-8EDE-477C-B19A-35177BF67BF1}.Release|Mixed Platforms.Build.0 = Release|Any CPU
		{57D45991-8EDE-477C-B19A-35177BF67BF1}.Release|x86.ActiveCfg = Release|Any CPU
		{57D45991-8EDE-477C-B19A-35177BF67BF1}.Release|x86.Build.0 = Release|Any CPU
		{57D45991-8EDE-477C-B19A-35177BF67BF1}.ReleaseMono|Any CPU.ActiveCfg = Release|Any CPU
		{57D45991-8EDE-477C-B19A-35177BF67BF1}.ReleaseMono|Any CPU.Build.0 = Release|Any CPU
		{57D45991-8EDE-477C-B19A-35177BF67BF1}.ReleaseMono|Mixed Platforms.ActiveCfg = Release|Any CPU
		{57D45991-8EDE-477C-B19A-35177BF67BF1}.ReleaseMono|Mixed Platforms.Build.0 = Release|Any CPU
		{57D45991-8EDE-477C-B19A-35177BF67BF1}.ReleaseMono|x86.ActiveCfg = Release|Any CPU
		{57D45991-8EDE-477C-B19A-35177BF67BF1}.ReleaseMono|x86.Build.0 = Release|Any CPU
		{202DD802-10F6-450A-ACE7-EF45AA4CF7D7}.Debug|Any CPU.ActiveCfg = Debug|Any CPU
		{202DD802-10F6-450A-ACE7-EF45AA4CF7D7}.Debug|Any CPU.Build.0 = Debug|Any CPU
		{202DD802-10F6-450A-ACE7-EF45AA4CF7D7}.Debug|Mixed Platforms.ActiveCfg = Debug|Any CPU
		{202DD802-10F6-450A-ACE7-EF45AA4CF7D7}.Debug|Mixed Platforms.Build.0 = Debug|Any CPU
		{202DD802-10F6-450A-ACE7-EF45AA4CF7D7}.Debug|x86.ActiveCfg = Debug|Any CPU
		{202DD802-10F6-450A-ACE7-EF45AA4CF7D7}.Debug|x86.Build.0 = Debug|Any CPU
		{202DD802-10F6-450A-ACE7-EF45AA4CF7D7}.DebugMono|Any CPU.ActiveCfg = Debug|Any CPU
		{202DD802-10F6-450A-ACE7-EF45AA4CF7D7}.DebugMono|Any CPU.Build.0 = Debug|Any CPU
		{202DD802-10F6-450A-ACE7-EF45AA4CF7D7}.DebugMono|Mixed Platforms.ActiveCfg = Debug|Any CPU
		{202DD802-10F6-450A-ACE7-EF45AA4CF7D7}.DebugMono|Mixed Platforms.Build.0 = Debug|Any CPU
		{202DD802-10F6-450A-ACE7-EF45AA4CF7D7}.DebugMono|x86.ActiveCfg = Debug|Any CPU
		{202DD802-10F6-450A-ACE7-EF45AA4CF7D7}.DebugMono|x86.Build.0 = Debug|Any CPU
		{202DD802-10F6-450A-ACE7-EF45AA4CF7D7}.Release|Any CPU.ActiveCfg = Release|Any CPU
		{202DD802-10F6-450A-ACE7-EF45AA4CF7D7}.Release|Any CPU.Build.0 = Release|Any CPU
		{202DD802-10F6-450A-ACE7-EF45AA4CF7D7}.Release|Mixed Platforms.ActiveCfg = Release|Any CPU
		{202DD802-10F6-450A-ACE7-EF45AA4CF7D7}.Release|Mixed Platforms.Build.0 = Release|Any CPU
		{202DD802-10F6-450A-ACE7-EF45AA4CF7D7}.Release|x86.ActiveCfg = Release|Any CPU
		{202DD802-10F6-450A-ACE7-EF45AA4CF7D7}.Release|x86.Build.0 = Release|Any CPU
		{202DD802-10F6-450A-ACE7-EF45AA4CF7D7}.ReleaseMono|Any CPU.ActiveCfg = Release|Any CPU
		{202DD802-10F6-450A-ACE7-EF45AA4CF7D7}.ReleaseMono|Any CPU.Build.0 = Release|Any CPU
		{202DD802-10F6-450A-ACE7-EF45AA4CF7D7}.ReleaseMono|Mixed Platforms.ActiveCfg = Release|Any CPU
		{202DD802-10F6-450A-ACE7-EF45AA4CF7D7}.ReleaseMono|Mixed Platforms.Build.0 = Release|Any CPU
		{202DD802-10F6-450A-ACE7-EF45AA4CF7D7}.ReleaseMono|x86.ActiveCfg = Release|Any CPU
		{202DD802-10F6-450A-ACE7-EF45AA4CF7D7}.ReleaseMono|x86.Build.0 = Release|Any CPU
		{35460AA4-B94A-4B64-9418-7243EC3D2F01}.Debug|Any CPU.ActiveCfg = Debug|Any CPU
		{35460AA4-B94A-4B64-9418-7243EC3D2F01}.Debug|Any CPU.Build.0 = Debug|Any CPU
		{35460AA4-B94A-4B64-9418-7243EC3D2F01}.Debug|Mixed Platforms.ActiveCfg = Debug|Any CPU
		{35460AA4-B94A-4B64-9418-7243EC3D2F01}.Debug|Mixed Platforms.Build.0 = Debug|Any CPU
		{35460AA4-B94A-4B64-9418-7243EC3D2F01}.Debug|x86.ActiveCfg = Debug|Any CPU
		{35460AA4-B94A-4B64-9418-7243EC3D2F01}.Debug|x86.Build.0 = Debug|Any CPU
		{35460AA4-B94A-4B64-9418-7243EC3D2F01}.DebugMono|Any CPU.ActiveCfg = Debug|Any CPU
		{35460AA4-B94A-4B64-9418-7243EC3D2F01}.DebugMono|Any CPU.Build.0 = Debug|Any CPU
		{35460AA4-B94A-4B64-9418-7243EC3D2F01}.DebugMono|Mixed Platforms.ActiveCfg = Debug|Any CPU
		{35460AA4-B94A-4B64-9418-7243EC3D2F01}.DebugMono|Mixed Platforms.Build.0 = Debug|Any CPU
		{35460AA4-B94A-4B64-9418-7243EC3D2F01}.DebugMono|x86.ActiveCfg = Debug|Any CPU
		{35460AA4-B94A-4B64-9418-7243EC3D2F01}.DebugMono|x86.Build.0 = Debug|Any CPU
		{35460AA4-B94A-4B64-9418-7243EC3D2F01}.Release|Any CPU.ActiveCfg = Release|Any CPU
		{35460AA4-B94A-4B64-9418-7243EC3D2F01}.Release|Any CPU.Build.0 = Release|Any CPU
		{35460AA4-B94A-4B64-9418-7243EC3D2F01}.Release|Mixed Platforms.ActiveCfg = Release|Any CPU
		{35460AA4-B94A-4B64-9418-7243EC3D2F01}.Release|Mixed Platforms.Build.0 = Release|Any CPU
		{35460AA4-B94A-4B64-9418-7243EC3D2F01}.Release|x86.ActiveCfg = Release|Any CPU
		{35460AA4-B94A-4B64-9418-7243EC3D2F01}.Release|x86.Build.0 = Release|Any CPU
		{35460AA4-B94A-4B64-9418-7243EC3D2F01}.ReleaseMono|Any CPU.ActiveCfg = Release|Any CPU
		{35460AA4-B94A-4B64-9418-7243EC3D2F01}.ReleaseMono|Any CPU.Build.0 = Release|Any CPU
		{35460AA4-B94A-4B64-9418-7243EC3D2F01}.ReleaseMono|Mixed Platforms.ActiveCfg = Release|Any CPU
		{35460AA4-B94A-4B64-9418-7243EC3D2F01}.ReleaseMono|Mixed Platforms.Build.0 = Release|Any CPU
		{35460AA4-B94A-4B64-9418-7243EC3D2F01}.ReleaseMono|x86.ActiveCfg = Release|Any CPU
		{35460AA4-B94A-4B64-9418-7243EC3D2F01}.ReleaseMono|x86.Build.0 = Release|Any CPU
		{67B4A011-63EA-4849-9A4B-B47A67012051}.Debug|Any CPU.ActiveCfg = Debug|Any CPU
		{67B4A011-63EA-4849-9A4B-B47A67012051}.Debug|Any CPU.Build.0 = Debug|Any CPU
		{67B4A011-63EA-4849-9A4B-B47A67012051}.Debug|Mixed Platforms.ActiveCfg = Debug|Any CPU
		{67B4A011-63EA-4849-9A4B-B47A67012051}.Debug|Mixed Platforms.Build.0 = Debug|Any CPU
		{67B4A011-63EA-4849-9A4B-B47A67012051}.Debug|x86.ActiveCfg = Debug|Any CPU
		{67B4A011-63EA-4849-9A4B-B47A67012051}.Debug|x86.Build.0 = Debug|Any CPU
		{67B4A011-63EA-4849-9A4B-B47A67012051}.DebugMono|Any CPU.ActiveCfg = Debug|Any CPU
		{67B4A011-63EA-4849-9A4B-B47A67012051}.DebugMono|Any CPU.Build.0 = Debug|Any CPU
		{67B4A011-63EA-4849-9A4B-B47A67012051}.DebugMono|Mixed Platforms.ActiveCfg = Debug|Any CPU
		{67B4A011-63EA-4849-9A4B-B47A67012051}.DebugMono|Mixed Platforms.Build.0 = Debug|Any CPU
		{67B4A011-63EA-4849-9A4B-B47A67012051}.DebugMono|x86.ActiveCfg = Debug|Any CPU
		{67B4A011-63EA-4849-9A4B-B47A67012051}.DebugMono|x86.Build.0 = Debug|Any CPU
		{67B4A011-63EA-4849-9A4B-B47A67012051}.Release|Any CPU.ActiveCfg = Release|Any CPU
		{67B4A011-63EA-4849-9A4B-B47A67012051}.Release|Any CPU.Build.0 = Release|Any CPU
		{67B4A011-63EA-4849-9A4B-B47A67012051}.Release|Mixed Platforms.ActiveCfg = Release|Any CPU
		{67B4A011-63EA-4849-9A4B-B47A67012051}.Release|Mixed Platforms.Build.0 = Release|Any CPU
		{67B4A011-63EA-4849-9A4B-B47A67012051}.Release|x86.ActiveCfg = Release|Any CPU
		{67B4A011-63EA-4849-9A4B-B47A67012051}.Release|x86.Build.0 = Release|Any CPU
		{67B4A011-63EA-4849-9A4B-B47A67012051}.ReleaseMono|Any CPU.ActiveCfg = Release|Any CPU
		{67B4A011-63EA-4849-9A4B-B47A67012051}.ReleaseMono|Any CPU.Build.0 = Release|Any CPU
		{67B4A011-63EA-4849-9A4B-B47A67012051}.ReleaseMono|Mixed Platforms.ActiveCfg = Release|Any CPU
		{67B4A011-63EA-4849-9A4B-B47A67012051}.ReleaseMono|Mixed Platforms.Build.0 = Release|Any CPU
		{67B4A011-63EA-4849-9A4B-B47A67012051}.ReleaseMono|x86.ActiveCfg = Release|Any CPU
		{67B4A011-63EA-4849-9A4B-B47A67012051}.ReleaseMono|x86.Build.0 = Release|Any CPU
		{ED018491-2E70-4A47-AE74-48C0F05F1780}.Debug|Any CPU.ActiveCfg = Debug|Any CPU
		{ED018491-2E70-4A47-AE74-48C0F05F1780}.Debug|Any CPU.Build.0 = Debug|Any CPU
		{ED018491-2E70-4A47-AE74-48C0F05F1780}.Debug|Mixed Platforms.ActiveCfg = Debug|Any CPU
		{ED018491-2E70-4A47-AE74-48C0F05F1780}.Debug|Mixed Platforms.Build.0 = Debug|Any CPU
		{ED018491-2E70-4A47-AE74-48C0F05F1780}.Debug|x86.ActiveCfg = Debug|Any CPU
		{ED018491-2E70-4A47-AE74-48C0F05F1780}.Debug|x86.Build.0 = Debug|Any CPU
		{ED018491-2E70-4A47-AE74-48C0F05F1780}.DebugMono|Any CPU.ActiveCfg = Debug|Any CPU
		{ED018491-2E70-4A47-AE74-48C0F05F1780}.DebugMono|Any CPU.Build.0 = Debug|Any CPU
		{ED018491-2E70-4A47-AE74-48C0F05F1780}.DebugMono|Mixed Platforms.ActiveCfg = Debug|Any CPU
		{ED018491-2E70-4A47-AE74-48C0F05F1780}.DebugMono|Mixed Platforms.Build.0 = Debug|Any CPU
		{ED018491-2E70-4A47-AE74-48C0F05F1780}.DebugMono|x86.ActiveCfg = Debug|Any CPU
		{ED018491-2E70-4A47-AE74-48C0F05F1780}.DebugMono|x86.Build.0 = Debug|Any CPU
		{ED018491-2E70-4A47-AE74-48C0F05F1780}.Release|Any CPU.ActiveCfg = Release|Any CPU
		{ED018491-2E70-4A47-AE74-48C0F05F1780}.Release|Any CPU.Build.0 = Release|Any CPU
		{ED018491-2E70-4A47-AE74-48C0F05F1780}.Release|Mixed Platforms.ActiveCfg = Release|Any CPU
		{ED018491-2E70-4A47-AE74-48C0F05F1780}.Release|Mixed Platforms.Build.0 = Release|Any CPU
		{ED018491-2E70-4A47-AE74-48C0F05F1780}.Release|x86.ActiveCfg = Release|Any CPU
		{ED018491-2E70-4A47-AE74-48C0F05F1780}.Release|x86.Build.0 = Release|Any CPU
		{ED018491-2E70-4A47-AE74-48C0F05F1780}.ReleaseMono|Any CPU.ActiveCfg = Release|Any CPU
		{ED018491-2E70-4A47-AE74-48C0F05F1780}.ReleaseMono|Any CPU.Build.0 = Release|Any CPU
		{ED018491-2E70-4A47-AE74-48C0F05F1780}.ReleaseMono|Mixed Platforms.ActiveCfg = Release|Any CPU
		{ED018491-2E70-4A47-AE74-48C0F05F1780}.ReleaseMono|Mixed Platforms.Build.0 = Release|Any CPU
		{ED018491-2E70-4A47-AE74-48C0F05F1780}.ReleaseMono|x86.ActiveCfg = Release|Any CPU
		{ED018491-2E70-4A47-AE74-48C0F05F1780}.ReleaseMono|x86.Build.0 = Release|Any CPU
	EndGlobalSection
	GlobalSection(SolutionProperties) = preSolution
		HideSolutionNode = FALSE
	EndGlobalSection
EndGlobal
