
Microsoft Visual Studio Solution File, Format Version 12.00
# Visual Studio 14
VisualStudioVersion = 14.0.25420.1
MinimumVisualStudioVersion = 10.0.40219.1
Project("{FAE04EC0-301F-11D3-BF4B-00C04F79EFBC}") = "Domla.000-000.Client", "..\Domla.000-000.Client\Domla.000-000.Client.csproj", "{AAB0CCC9-6310-4E10-9B0E-794628989382}"
EndProject
Project("{FAE04EC0-301F-11D3-BF4B-00C04F79EFBC}") = "Domla.000-020.Client", "..\Domla.000-020.Client\Domla.000-020.Client.csproj", "{901E3DCA-F52B-4ACB-A6A3-F8CFA8F2A8F3}"
EndProject
Project("{FAE04EC0-301F-11D3-BF4B-00C04F79EFBC}") = "Domla.000-030.Client", "..\Domla.000-030.Client\Domla.000-030.Client.csproj", "{39E3D644-8BEA-4891-8D10-5B51277071D7}"
EndProject
Project("{FAE04EC0-301F-11D3-BF4B-00C04F79EFBC}") = "Domla.000-050.Client", "..\Domla.000-050.Client\Domla.000-050.Client.csproj", "{06779E2D-4075-41B9-8294-E6F8211451F0}"
EndProject
Project("{FAE04EC0-301F-11D3-BF4B-00C04F79EFBC}") = "Domla.000-070.Client", "..\Domla.000-070.Client\Domla.000-070.Client.csproj", "{E05F3308-CC74-4D4E-A930-8610C2331995}"
EndProject
Project("{FAE04EC0-301F-11D3-BF4B-00C04F79EFBC}") = "Domla.000-080.Client", "..\Domla.000-080.Client\Domla.000-080.Client.csproj", "{46C14103-6E91-412E-ADEA-FF70A76BB1EE}"
EndProject
Project("{FAE04EC0-301F-11D3-BF4B-00C04F79EFBC}") = "Domla.000-100.Client", "..\Domla.000-100.Client\Domla.000-100.Client.csproj", "{309E6599-14B8-4DF0-A35B-7D114E817723}"
EndProject
Project("{FAE04EC0-301F-11D3-BF4B-00C04F79EFBC}") = "Domla.000-200.Client", "..\Domla.000-200.Client\Domla.000-200.Client.csproj", "{DB57461D-39E6-46E4-AA36-7700A80463D5}"
EndProject
Project("{FAE04EC0-301F-11D3-BF4B-00C04F79EFBC}") = "Domla.100-700.Client", "..\Domla.100-700.Client\Domla.100-700.Client.csproj", "{CF87D15F-ABA1-4505-93EB-0E2AA52C8C27}"
EndProject
Project("{FAE04EC0-301F-11D3-BF4B-00C04F79EFBC}") = "Domla.Main", "..\Domla.Main\Domla.Main.csproj", "{255EDD21-FD80-4A03-9E3C-3530284D0442}"
EndProject
Project("{FAE04EC0-301F-11D3-BF4B-00C04F79EFBC}") = "Domla.Gui.Common", "..\Domla.Gui.Common\Domla.Gui.Common.csproj", "{9002C588-C23A-4392-BCB7-E8274FF7A519}"
EndProject
Project("{FAE04EC0-301F-11D3-BF4B-00C04F79EFBC}") = "Domla.000-060.Client", "..\Domla.000-060.Client\Domla.000-060.Client.csproj", "{316D660A-58C9-4946-B453-A1A12C0448FD}"
EndProject
Project("{FAE04EC0-301F-11D3-BF4B-00C04F79EFBC}") = "Domla.000-090.Client", "..\Domla.000-090.Client\Domla.000-090.Client.csproj", "{167C2173-E7DB-460B-A3A7-70056022A4CA}"
	ProjectSection(ProjectDependencies) = postProject
		{9002C588-C23A-4392-BCB7-E8274FF7A519} = {9002C588-C23A-4392-BCB7-E8274FF7A519}
	EndProjectSection
EndProject
Project("{FAE04EC0-301F-11D3-BF4B-00C04F79EFBC}") = "Domla.000-010.Client", "..\Domla.000-010.Client\Domla.000-010.Client.csproj", "{54090ECF-2888-4F6B-A7BB-B2320E9C9E3D}"
EndProject
Project("{FAE04EC0-301F-11D3-BF4B-00C04F79EFBC}") = "Domla.000-110.Client", "..\Domla.000-110.Client\Domla.000-110.Client.csproj", "{5F512E01-106D-4794-AA8B-7B42BC79B9BB}"
EndProject
Global
	GlobalSection(SubversionScc) = preSolution
		Svn-Managed = True
		Manager = AnkhSVN - Subversion Support for Visual Studio
	EndGlobalSection
	GlobalSection(SolutionConfigurationPlatforms) = preSolution
		Debug|Any CPU = Debug|Any CPU
		Debug|Mixed Platforms = Debug|Mixed Platforms
		Debug|x86 = Debug|x86
		DemoRelease|Any CPU = DemoRelease|Any CPU
		DemoRelease|Mixed Platforms = DemoRelease|Mixed Platforms
		DemoRelease|x86 = DemoRelease|x86
		Release|Any CPU = Release|Any CPU
		Release|Mixed Platforms = Release|Mixed Platforms
		Release|x86 = Release|x86
		SingleUserRelease|Any CPU = SingleUserRelease|Any CPU
		SingleUserRelease|Mixed Platforms = SingleUserRelease|Mixed Platforms
		SingleUserRelease|x86 = SingleUserRelease|x86
	EndGlobalSection
	GlobalSection(ProjectConfigurationPlatforms) = postSolution
		{AAB0CCC9-6310-4E10-9B0E-794628989382}.Debug|Any CPU.ActiveCfg = Debug|Any CPU
		{AAB0CCC9-6310-4E10-9B0E-794628989382}.Debug|Any CPU.Build.0 = Debug|Any CPU
		{AAB0CCC9-6310-4E10-9B0E-794628989382}.Debug|Mixed Platforms.ActiveCfg = Debug|Any CPU
		{AAB0CCC9-6310-4E10-9B0E-794628989382}.Debug|Mixed Platforms.Build.0 = Debug|Any CPU
		{AAB0CCC9-6310-4E10-9B0E-794628989382}.Debug|x86.ActiveCfg = Debug|Any CPU
		{AAB0CCC9-6310-4E10-9B0E-794628989382}.DemoRelease|Any CPU.ActiveCfg = Release|Any CPU
		{AAB0CCC9-6310-4E10-9B0E-794628989382}.DemoRelease|Any CPU.Build.0 = Release|Any CPU
		{AAB0CCC9-6310-4E10-9B0E-794628989382}.DemoRelease|Mixed Platforms.ActiveCfg = Release|Any CPU
		{AAB0CCC9-6310-4E10-9B0E-794628989382}.DemoRelease|Mixed Platforms.Build.0 = Release|Any CPU
		{AAB0CCC9-6310-4E10-9B0E-794628989382}.DemoRelease|x86.ActiveCfg = Release|Any CPU
		{AAB0CCC9-6310-4E10-9B0E-794628989382}.Release|Any CPU.ActiveCfg = Release|Any CPU
		{AAB0CCC9-6310-4E10-9B0E-794628989382}.Release|Any CPU.Build.0 = Release|Any CPU
		{AAB0CCC9-6310-4E10-9B0E-794628989382}.Release|Mixed Platforms.ActiveCfg = Release|Any CPU
		{AAB0CCC9-6310-4E10-9B0E-794628989382}.Release|Mixed Platforms.Build.0 = Release|Any CPU
		{AAB0CCC9-6310-4E10-9B0E-794628989382}.Release|x86.ActiveCfg = Release|Any CPU
		{AAB0CCC9-6310-4E10-9B0E-794628989382}.SingleUserRelease|Any CPU.ActiveCfg = Release|Any CPU
		{AAB0CCC9-6310-4E10-9B0E-794628989382}.SingleUserRelease|Any CPU.Build.0 = Release|Any CPU
		{AAB0CCC9-6310-4E10-9B0E-794628989382}.SingleUserRelease|Mixed Platforms.ActiveCfg = SingleUserRelease|Any CPU
		{AAB0CCC9-6310-4E10-9B0E-794628989382}.SingleUserRelease|Mixed Platforms.Build.0 = SingleUserRelease|Any CPU
		{AAB0CCC9-6310-4E10-9B0E-794628989382}.SingleUserRelease|x86.ActiveCfg = Release|Any CPU
		{901E3DCA-F52B-4ACB-A6A3-F8CFA8F2A8F3}.Debug|Any CPU.ActiveCfg = Debug|Any CPU
		{901E3DCA-F52B-4ACB-A6A3-F8CFA8F2A8F3}.Debug|Any CPU.Build.0 = Debug|Any CPU
		{901E3DCA-F52B-4ACB-A6A3-F8CFA8F2A8F3}.Debug|Mixed Platforms.ActiveCfg = Debug|Any CPU
		{901E3DCA-F52B-4ACB-A6A3-F8CFA8F2A8F3}.Debug|Mixed Platforms.Build.0 = Debug|Any CPU
		{901E3DCA-F52B-4ACB-A6A3-F8CFA8F2A8F3}.Debug|x86.ActiveCfg = Debug|Any CPU
		{901E3DCA-F52B-4ACB-A6A3-F8CFA8F2A8F3}.DemoRelease|Any CPU.ActiveCfg = Release|Any CPU
		{901E3DCA-F52B-4ACB-A6A3-F8CFA8F2A8F3}.DemoRelease|Any CPU.Build.0 = Release|Any CPU
		{901E3DCA-F52B-4ACB-A6A3-F8CFA8F2A8F3}.DemoRelease|Mixed Platforms.ActiveCfg = Release|Any CPU
		{901E3DCA-F52B-4ACB-A6A3-F8CFA8F2A8F3}.DemoRelease|Mixed Platforms.Build.0 = Release|Any CPU
		{901E3DCA-F52B-4ACB-A6A3-F8CFA8F2A8F3}.DemoRelease|x86.ActiveCfg = Release|Any CPU
		{901E3DCA-F52B-4ACB-A6A3-F8CFA8F2A8F3}.Release|Any CPU.ActiveCfg = Release|Any CPU
		{901E3DCA-F52B-4ACB-A6A3-F8CFA8F2A8F3}.Release|Any CPU.Build.0 = Release|Any CPU
		{901E3DCA-F52B-4ACB-A6A3-F8CFA8F2A8F3}.Release|Mixed Platforms.ActiveCfg = Release|Any CPU
		{901E3DCA-F52B-4ACB-A6A3-F8CFA8F2A8F3}.Release|Mixed Platforms.Build.0 = Release|Any CPU
		{901E3DCA-F52B-4ACB-A6A3-F8CFA8F2A8F3}.Release|x86.ActiveCfg = Release|Any CPU
		{901E3DCA-F52B-4ACB-A6A3-F8CFA8F2A8F3}.SingleUserRelease|Any CPU.ActiveCfg = Release|Any CPU
		{901E3DCA-F52B-4ACB-A6A3-F8CFA8F2A8F3}.SingleUserRelease|Any CPU.Build.0 = Release|Any CPU
		{901E3DCA-F52B-4ACB-A6A3-F8CFA8F2A8F3}.SingleUserRelease|Mixed Platforms.ActiveCfg = Release|Any CPU
		{901E3DCA-F52B-4ACB-A6A3-F8CFA8F2A8F3}.SingleUserRelease|Mixed Platforms.Build.0 = Release|Any CPU
		{901E3DCA-F52B-4ACB-A6A3-F8CFA8F2A8F3}.SingleUserRelease|x86.ActiveCfg = Release|Any CPU
		{39E3D644-8BEA-4891-8D10-5B51277071D7}.Debug|Any CPU.ActiveCfg = Debug|Any CPU
		{39E3D644-8BEA-4891-8D10-5B51277071D7}.Debug|Any CPU.Build.0 = Debug|Any CPU
		{39E3D644-8BEA-4891-8D10-5B51277071D7}.Debug|Mixed Platforms.ActiveCfg = Debug|Any CPU
		{39E3D644-8BEA-4891-8D10-5B51277071D7}.Debug|Mixed Platforms.Build.0 = Debug|Any CPU
		{39E3D644-8BEA-4891-8D10-5B51277071D7}.Debug|x86.ActiveCfg = Debug|Any CPU
		{39E3D644-8BEA-4891-8D10-5B51277071D7}.DemoRelease|Any CPU.ActiveCfg = Release|Any CPU
		{39E3D644-8BEA-4891-8D10-5B51277071D7}.DemoRelease|Any CPU.Build.0 = Release|Any CPU
		{39E3D644-8BEA-4891-8D10-5B51277071D7}.DemoRelease|Mixed Platforms.ActiveCfg = Release|Any CPU
		{39E3D644-8BEA-4891-8D10-5B51277071D7}.DemoRelease|Mixed Platforms.Build.0 = Release|Any CPU
		{39E3D644-8BEA-4891-8D10-5B51277071D7}.DemoRelease|x86.ActiveCfg = Release|Any CPU
		{39E3D644-8BEA-4891-8D10-5B51277071D7}.Release|Any CPU.ActiveCfg = Release|Any CPU
		{39E3D644-8BEA-4891-8D10-5B51277071D7}.Release|Any CPU.Build.0 = Release|Any CPU
		{39E3D644-8BEA-4891-8D10-5B51277071D7}.Release|Mixed Platforms.ActiveCfg = Release|Any CPU
		{39E3D644-8BEA-4891-8D10-5B51277071D7}.Release|Mixed Platforms.Build.0 = Release|Any CPU
		{39E3D644-8BEA-4891-8D10-5B51277071D7}.Release|x86.ActiveCfg = Release|Any CPU
		{39E3D644-8BEA-4891-8D10-5B51277071D7}.SingleUserRelease|Any CPU.ActiveCfg = Release|Any CPU
		{39E3D644-8BEA-4891-8D10-5B51277071D7}.SingleUserRelease|Any CPU.Build.0 = Release|Any CPU
		{39E3D644-8BEA-4891-8D10-5B51277071D7}.SingleUserRelease|Mixed Platforms.ActiveCfg = Release|Any CPU
		{39E3D644-8BEA-4891-8D10-5B51277071D7}.SingleUserRelease|Mixed Platforms.Build.0 = Release|Any CPU
		{39E3D644-8BEA-4891-8D10-5B51277071D7}.SingleUserRelease|x86.ActiveCfg = Release|Any CPU
		{06779E2D-4075-41B9-8294-E6F8211451F0}.Debug|Any CPU.ActiveCfg = Debug|Any CPU
		{06779E2D-4075-41B9-8294-E6F8211451F0}.Debug|Any CPU.Build.0 = Debug|Any CPU
		{06779E2D-4075-41B9-8294-E6F8211451F0}.Debug|Mixed Platforms.ActiveCfg = Debug|Any CPU
		{06779E2D-4075-41B9-8294-E6F8211451F0}.Debug|Mixed Platforms.Build.0 = Debug|Any CPU
		{06779E2D-4075-41B9-8294-E6F8211451F0}.Debug|x86.ActiveCfg = Debug|Any CPU
		{06779E2D-4075-41B9-8294-E6F8211451F0}.DemoRelease|Any CPU.ActiveCfg = Release|Any CPU
		{06779E2D-4075-41B9-8294-E6F8211451F0}.DemoRelease|Any CPU.Build.0 = Release|Any CPU
		{06779E2D-4075-41B9-8294-E6F8211451F0}.DemoRelease|Mixed Platforms.ActiveCfg = Release|Any CPU
		{06779E2D-4075-41B9-8294-E6F8211451F0}.DemoRelease|Mixed Platforms.Build.0 = Release|Any CPU
		{06779E2D-4075-41B9-8294-E6F8211451F0}.DemoRelease|x86.ActiveCfg = Release|Any CPU
		{06779E2D-4075-41B9-8294-E6F8211451F0}.Release|Any CPU.ActiveCfg = Release|Any CPU
		{06779E2D-4075-41B9-8294-E6F8211451F0}.Release|Any CPU.Build.0 = Release|Any CPU
		{06779E2D-4075-41B9-8294-E6F8211451F0}.Release|Mixed Platforms.ActiveCfg = Release|Any CPU
		{06779E2D-4075-41B9-8294-E6F8211451F0}.Release|Mixed Platforms.Build.0 = Release|Any CPU
		{06779E2D-4075-41B9-8294-E6F8211451F0}.Release|x86.ActiveCfg = Release|Any CPU
		{06779E2D-4075-41B9-8294-E6F8211451F0}.SingleUserRelease|Any CPU.ActiveCfg = Release|Any CPU
		{06779E2D-4075-41B9-8294-E6F8211451F0}.SingleUserRelease|Any CPU.Build.0 = Release|Any CPU
		{06779E2D-4075-41B9-8294-E6F8211451F0}.SingleUserRelease|Mixed Platforms.ActiveCfg = Release|Any CPU
		{06779E2D-4075-41B9-8294-E6F8211451F0}.SingleUserRelease|Mixed Platforms.Build.0 = Release|Any CPU
		{06779E2D-4075-41B9-8294-E6F8211451F0}.SingleUserRelease|x86.ActiveCfg = Release|Any CPU
		{E05F3308-CC74-4D4E-A930-8610C2331995}.Debug|Any CPU.ActiveCfg = Debug|Any CPU
		{E05F3308-CC74-4D4E-A930-8610C2331995}.Debug|Any CPU.Build.0 = Debug|Any CPU
		{E05F3308-CC74-4D4E-A930-8610C2331995}.Debug|Mixed Platforms.ActiveCfg = Debug|Any CPU
		{E05F3308-CC74-4D4E-A930-8610C2331995}.Debug|Mixed Platforms.Build.0 = Debug|Any CPU
		{E05F3308-CC74-4D4E-A930-8610C2331995}.Debug|x86.ActiveCfg = Debug|Any CPU
		{E05F3308-CC74-4D4E-A930-8610C2331995}.DemoRelease|Any CPU.ActiveCfg = Release|Any CPU
		{E05F3308-CC74-4D4E-A930-8610C2331995}.DemoRelease|Any CPU.Build.0 = Release|Any CPU
		{E05F3308-CC74-4D4E-A930-8610C2331995}.DemoRelease|Mixed Platforms.ActiveCfg = Release|Any CPU
		{E05F3308-CC74-4D4E-A930-8610C2331995}.DemoRelease|Mixed Platforms.Build.0 = Release|Any CPU
		{E05F3308-CC74-4D4E-A930-8610C2331995}.DemoRelease|x86.ActiveCfg = Release|Any CPU
		{E05F3308-CC74-4D4E-A930-8610C2331995}.Release|Any CPU.ActiveCfg = Release|Any CPU
		{E05F3308-CC74-4D4E-A930-8610C2331995}.Release|Any CPU.Build.0 = Release|Any CPU
		{E05F3308-CC74-4D4E-A930-8610C2331995}.Release|Mixed Platforms.ActiveCfg = Release|Any CPU
		{E05F3308-CC74-4D4E-A930-8610C2331995}.Release|Mixed Platforms.Build.0 = Release|Any CPU
		{E05F3308-CC74-4D4E-A930-8610C2331995}.Release|x86.ActiveCfg = Release|Any CPU
		{E05F3308-CC74-4D4E-A930-8610C2331995}.SingleUserRelease|Any CPU.ActiveCfg = Release|Any CPU
		{E05F3308-CC74-4D4E-A930-8610C2331995}.SingleUserRelease|Any CPU.Build.0 = Release|Any CPU
		{E05F3308-CC74-4D4E-A930-8610C2331995}.SingleUserRelease|Mixed Platforms.ActiveCfg = Release|Any CPU
		{E05F3308-CC74-4D4E-A930-8610C2331995}.SingleUserRelease|Mixed Platforms.Build.0 = Release|Any CPU
		{E05F3308-CC74-4D4E-A930-8610C2331995}.SingleUserRelease|x86.ActiveCfg = Release|Any CPU
		{46C14103-6E91-412E-ADEA-FF70A76BB1EE}.Debug|Any CPU.ActiveCfg = Debug|Any CPU
		{46C14103-6E91-412E-ADEA-FF70A76BB1EE}.Debug|Any CPU.Build.0 = Debug|Any CPU
		{46C14103-6E91-412E-ADEA-FF70A76BB1EE}.Debug|Mixed Platforms.ActiveCfg = Debug|Any CPU
		{46C14103-6E91-412E-ADEA-FF70A76BB1EE}.Debug|Mixed Platforms.Build.0 = Debug|Any CPU
		{46C14103-6E91-412E-ADEA-FF70A76BB1EE}.Debug|x86.ActiveCfg = Debug|Any CPU
		{46C14103-6E91-412E-ADEA-FF70A76BB1EE}.DemoRelease|Any CPU.ActiveCfg = Release|Any CPU
		{46C14103-6E91-412E-ADEA-FF70A76BB1EE}.DemoRelease|Any CPU.Build.0 = Release|Any CPU
		{46C14103-6E91-412E-ADEA-FF70A76BB1EE}.DemoRelease|Mixed Platforms.ActiveCfg = Release|Any CPU
		{46C14103-6E91-412E-ADEA-FF70A76BB1EE}.DemoRelease|Mixed Platforms.Build.0 = Release|Any CPU
		{46C14103-6E91-412E-ADEA-FF70A76BB1EE}.DemoRelease|x86.ActiveCfg = Release|Any CPU
		{46C14103-6E91-412E-ADEA-FF70A76BB1EE}.Release|Any CPU.ActiveCfg = Release|Any CPU
		{46C14103-6E91-412E-ADEA-FF70A76BB1EE}.Release|Any CPU.Build.0 = Release|Any CPU
		{46C14103-6E91-412E-ADEA-FF70A76BB1EE}.Release|Mixed Platforms.ActiveCfg = Release|Any CPU
		{46C14103-6E91-412E-ADEA-FF70A76BB1EE}.Release|Mixed Platforms.Build.0 = Release|Any CPU
		{46C14103-6E91-412E-ADEA-FF70A76BB1EE}.Release|x86.ActiveCfg = Release|Any CPU
		{46C14103-6E91-412E-ADEA-FF70A76BB1EE}.SingleUserRelease|Any CPU.ActiveCfg = Release|Any CPU
		{46C14103-6E91-412E-ADEA-FF70A76BB1EE}.SingleUserRelease|Any CPU.Build.0 = Release|Any CPU
		{46C14103-6E91-412E-ADEA-FF70A76BB1EE}.SingleUserRelease|Mixed Platforms.ActiveCfg = Release|Any CPU
		{46C14103-6E91-412E-ADEA-FF70A76BB1EE}.SingleUserRelease|Mixed Platforms.Build.0 = Release|Any CPU
		{46C14103-6E91-412E-ADEA-FF70A76BB1EE}.SingleUserRelease|x86.ActiveCfg = Release|Any CPU
		{309E6599-14B8-4DF0-A35B-7D114E817723}.Debug|Any CPU.ActiveCfg = Debug|Any CPU
		{309E6599-14B8-4DF0-A35B-7D114E817723}.Debug|Any CPU.Build.0 = Debug|Any CPU
		{309E6599-14B8-4DF0-A35B-7D114E817723}.Debug|Mixed Platforms.ActiveCfg = Debug|Any CPU
		{309E6599-14B8-4DF0-A35B-7D114E817723}.Debug|Mixed Platforms.Build.0 = Debug|Any CPU
		{309E6599-14B8-4DF0-A35B-7D114E817723}.Debug|x86.ActiveCfg = Debug|Any CPU
		{309E6599-14B8-4DF0-A35B-7D114E817723}.DemoRelease|Any CPU.ActiveCfg = Release|Any CPU
		{309E6599-14B8-4DF0-A35B-7D114E817723}.DemoRelease|Any CPU.Build.0 = Release|Any CPU
		{309E6599-14B8-4DF0-A35B-7D114E817723}.DemoRelease|Mixed Platforms.ActiveCfg = Release|Any CPU
		{309E6599-14B8-4DF0-A35B-7D114E817723}.DemoRelease|Mixed Platforms.Build.0 = Release|Any CPU
		{309E6599-14B8-4DF0-A35B-7D114E817723}.DemoRelease|x86.ActiveCfg = Release|Any CPU
		{309E6599-14B8-4DF0-A35B-7D114E817723}.Release|Any CPU.ActiveCfg = Release|Any CPU
		{309E6599-14B8-4DF0-A35B-7D114E817723}.Release|Any CPU.Build.0 = Release|Any CPU
		{309E6599-14B8-4DF0-A35B-7D114E817723}.Release|Mixed Platforms.ActiveCfg = Release|Any CPU
		{309E6599-14B8-4DF0-A35B-7D114E817723}.Release|Mixed Platforms.Build.0 = Release|Any CPU
		{309E6599-14B8-4DF0-A35B-7D114E817723}.Release|x86.ActiveCfg = Release|Any CPU
		{309E6599-14B8-4DF0-A35B-7D114E817723}.SingleUserRelease|Any CPU.ActiveCfg = Release|Any CPU
		{309E6599-14B8-4DF0-A35B-7D114E817723}.SingleUserRelease|Any CPU.Build.0 = Release|Any CPU
		{309E6599-14B8-4DF0-A35B-7D114E817723}.SingleUserRelease|Mixed Platforms.ActiveCfg = Release|Any CPU
		{309E6599-14B8-4DF0-A35B-7D114E817723}.SingleUserRelease|Mixed Platforms.Build.0 = Release|Any CPU
		{309E6599-14B8-4DF0-A35B-7D114E817723}.SingleUserRelease|x86.ActiveCfg = Release|Any CPU
		{DB57461D-39E6-46E4-AA36-7700A80463D5}.Debug|Any CPU.ActiveCfg = Debug|Any CPU
		{DB57461D-39E6-46E4-AA36-7700A80463D5}.Debug|Any CPU.Build.0 = Debug|Any CPU
		{DB57461D-39E6-46E4-AA36-7700A80463D5}.Debug|Mixed Platforms.ActiveCfg = Debug|Any CPU
		{DB57461D-39E6-46E4-AA36-7700A80463D5}.Debug|Mixed Platforms.Build.0 = Debug|Any CPU
		{DB57461D-39E6-46E4-AA36-7700A80463D5}.Debug|x86.ActiveCfg = Debug|Any CPU
		{DB57461D-39E6-46E4-AA36-7700A80463D5}.DemoRelease|Any CPU.ActiveCfg = Release|Any CPU
		{DB57461D-39E6-46E4-AA36-7700A80463D5}.DemoRelease|Any CPU.Build.0 = Release|Any CPU
		{DB57461D-39E6-46E4-AA36-7700A80463D5}.DemoRelease|Mixed Platforms.ActiveCfg = Release|Any CPU
		{DB57461D-39E6-46E4-AA36-7700A80463D5}.DemoRelease|Mixed Platforms.Build.0 = Release|Any CPU
		{DB57461D-39E6-46E4-AA36-7700A80463D5}.DemoRelease|x86.ActiveCfg = Release|Any CPU
		{DB57461D-39E6-46E4-AA36-7700A80463D5}.Release|Any CPU.ActiveCfg = Release|Any CPU
		{DB57461D-39E6-46E4-AA36-7700A80463D5}.Release|Any CPU.Build.0 = Release|Any CPU
		{DB57461D-39E6-46E4-AA36-7700A80463D5}.Release|Mixed Platforms.ActiveCfg = Release|Any CPU
		{DB57461D-39E6-46E4-AA36-7700A80463D5}.Release|Mixed Platforms.Build.0 = Release|Any CPU
		{DB57461D-39E6-46E4-AA36-7700A80463D5}.Release|x86.ActiveCfg = Release|Any CPU
		{DB57461D-39E6-46E4-AA36-7700A80463D5}.SingleUserRelease|Any CPU.ActiveCfg = Release|Any CPU
		{DB57461D-39E6-46E4-AA36-7700A80463D5}.SingleUserRelease|Any CPU.Build.0 = Release|Any CPU
		{DB57461D-39E6-46E4-AA36-7700A80463D5}.SingleUserRelease|Mixed Platforms.ActiveCfg = Release|Any CPU
		{DB57461D-39E6-46E4-AA36-7700A80463D5}.SingleUserRelease|Mixed Platforms.Build.0 = Release|Any CPU
		{DB57461D-39E6-46E4-AA36-7700A80463D5}.SingleUserRelease|x86.ActiveCfg = Release|Any CPU
		{CF87D15F-ABA1-4505-93EB-0E2AA52C8C27}.Debug|Any CPU.ActiveCfg = Debug|Any CPU
		{CF87D15F-ABA1-4505-93EB-0E2AA52C8C27}.Debug|Any CPU.Build.0 = Debug|Any CPU
		{CF87D15F-ABA1-4505-93EB-0E2AA52C8C27}.Debug|Mixed Platforms.ActiveCfg = Debug|Any CPU
		{CF87D15F-ABA1-4505-93EB-0E2AA52C8C27}.Debug|Mixed Platforms.Build.0 = Debug|Any CPU
		{CF87D15F-ABA1-4505-93EB-0E2AA52C8C27}.Debug|x86.ActiveCfg = Debug|Any CPU
		{CF87D15F-ABA1-4505-93EB-0E2AA52C8C27}.DemoRelease|Any CPU.ActiveCfg = Release|Any CPU
		{CF87D15F-ABA1-4505-93EB-0E2AA52C8C27}.DemoRelease|Any CPU.Build.0 = Release|Any CPU
		{CF87D15F-ABA1-4505-93EB-0E2AA52C8C27}.DemoRelease|Mixed Platforms.ActiveCfg = Release|Any CPU
		{CF87D15F-ABA1-4505-93EB-0E2AA52C8C27}.DemoRelease|Mixed Platforms.Build.0 = Release|Any CPU
		{CF87D15F-ABA1-4505-93EB-0E2AA52C8C27}.DemoRelease|x86.ActiveCfg = Release|Any CPU
		{CF87D15F-ABA1-4505-93EB-0E2AA52C8C27}.Release|Any CPU.ActiveCfg = Release|Any CPU
		{CF87D15F-ABA1-4505-93EB-0E2AA52C8C27}.Release|Any CPU.Build.0 = Release|Any CPU
		{CF87D15F-ABA1-4505-93EB-0E2AA52C8C27}.Release|Mixed Platforms.ActiveCfg = Release|Any CPU
		{CF87D15F-ABA1-4505-93EB-0E2AA52C8C27}.Release|Mixed Platforms.Build.0 = Release|Any CPU
		{CF87D15F-ABA1-4505-93EB-0E2AA52C8C27}.Release|x86.ActiveCfg = Release|Any CPU
		{CF87D15F-ABA1-4505-93EB-0E2AA52C8C27}.SingleUserRelease|Any CPU.ActiveCfg = Release|Any CPU
		{CF87D15F-ABA1-4505-93EB-0E2AA52C8C27}.SingleUserRelease|Any CPU.Build.0 = Release|Any CPU
		{CF87D15F-ABA1-4505-93EB-0E2AA52C8C27}.SingleUserRelease|Mixed Platforms.ActiveCfg = Release|Any CPU
		{CF87D15F-ABA1-4505-93EB-0E2AA52C8C27}.SingleUserRelease|Mixed Platforms.Build.0 = Release|Any CPU
		{CF87D15F-ABA1-4505-93EB-0E2AA52C8C27}.SingleUserRelease|x86.ActiveCfg = Release|Any CPU
		{255EDD21-FD80-4A03-9E3C-3530284D0442}.Debug|Any CPU.ActiveCfg = Debug|x86
		{255EDD21-FD80-4A03-9E3C-3530284D0442}.Debug|Any CPU.Build.0 = Debug|x86
		{255EDD21-FD80-4A03-9E3C-3530284D0442}.Debug|Mixed Platforms.ActiveCfg = Debug|x86
		{255EDD21-FD80-4A03-9E3C-3530284D0442}.Debug|Mixed Platforms.Build.0 = Debug|x86
		{255EDD21-FD80-4A03-9E3C-3530284D0442}.Debug|x86.ActiveCfg = Debug|x86
		{255EDD21-FD80-4A03-9E3C-3530284D0442}.Debug|x86.Build.0 = Debug|x86
		{255EDD21-FD80-4A03-9E3C-3530284D0442}.DemoRelease|Any CPU.ActiveCfg = Release|x86
		{255EDD21-FD80-4A03-9E3C-3530284D0442}.DemoRelease|Mixed Platforms.ActiveCfg = DemoRelease|x86
		{255EDD21-FD80-4A03-9E3C-3530284D0442}.DemoRelease|Mixed Platforms.Build.0 = DemoRelease|x86
		{255EDD21-FD80-4A03-9E3C-3530284D0442}.DemoRelease|x86.ActiveCfg = Release|x86
		{255EDD21-FD80-4A03-9E3C-3530284D0442}.DemoRelease|x86.Build.0 = Release|x86
		{255EDD21-FD80-4A03-9E3C-3530284D0442}.Release|Any CPU.ActiveCfg = Release|x86
		{255EDD21-FD80-4A03-9E3C-3530284D0442}.Release|Mixed Platforms.ActiveCfg = Release|x86
		{255EDD21-FD80-4A03-9E3C-3530284D0442}.Release|Mixed Platforms.Build.0 = Release|x86
		{255EDD21-FD80-4A03-9E3C-3530284D0442}.Release|x86.ActiveCfg = Release|x86
		{255EDD21-FD80-4A03-9E3C-3530284D0442}.Release|x86.Build.0 = Release|x86
		{255EDD21-FD80-4A03-9E3C-3530284D0442}.SingleUserRelease|Any CPU.ActiveCfg = Release|x86
		{255EDD21-FD80-4A03-9E3C-3530284D0442}.SingleUserRelease|Mixed Platforms.ActiveCfg = SingleUserRelease|x86
		{255EDD21-FD80-4A03-9E3C-3530284D0442}.SingleUserRelease|Mixed Platforms.Build.0 = SingleUserRelease|x86
		{255EDD21-FD80-4A03-9E3C-3530284D0442}.SingleUserRelease|x86.ActiveCfg = Release|x86
		{255EDD21-FD80-4A03-9E3C-3530284D0442}.SingleUserRelease|x86.Build.0 = Release|x86
		{9002C588-C23A-4392-BCB7-E8274FF7A519}.Debug|Any CPU.ActiveCfg = Debug|Any CPU
		{9002C588-C23A-4392-BCB7-E8274FF7A519}.Debug|Any CPU.Build.0 = Debug|Any CPU
		{9002C588-C23A-4392-BCB7-E8274FF7A519}.Debug|Mixed Platforms.ActiveCfg = Debug|Any CPU
		{9002C588-C23A-4392-BCB7-E8274FF7A519}.Debug|Mixed Platforms.Build.0 = Debug|Any CPU
		{9002C588-C23A-4392-BCB7-E8274FF7A519}.Debug|x86.ActiveCfg = Debug|Any CPU
		{9002C588-C23A-4392-BCB7-E8274FF7A519}.DemoRelease|Any CPU.ActiveCfg = Release|Any CPU
		{9002C588-C23A-4392-BCB7-E8274FF7A519}.DemoRelease|Any CPU.Build.0 = Release|Any CPU
		{9002C588-C23A-4392-BCB7-E8274FF7A519}.DemoRelease|Mixed Platforms.ActiveCfg = Release|Any CPU
		{9002C588-C23A-4392-BCB7-E8274FF7A519}.DemoRelease|Mixed Platforms.Build.0 = Release|Any CPU
		{9002C588-C23A-4392-BCB7-E8274FF7A519}.DemoRelease|x86.ActiveCfg = Release|Any CPU
		{9002C588-C23A-4392-BCB7-E8274FF7A519}.Release|Any CPU.ActiveCfg = Release|Any CPU
		{9002C588-C23A-4392-BCB7-E8274FF7A519}.Release|Any CPU.Build.0 = Release|Any CPU
		{9002C588-C23A-4392-BCB7-E8274FF7A519}.Release|Mixed Platforms.ActiveCfg = Release|Any CPU
		{9002C588-C23A-4392-BCB7-E8274FF7A519}.Release|Mixed Platforms.Build.0 = Release|Any CPU
		{9002C588-C23A-4392-BCB7-E8274FF7A519}.Release|x86.ActiveCfg = Release|Any CPU
		{9002C588-C23A-4392-BCB7-E8274FF7A519}.SingleUserRelease|Any CPU.ActiveCfg = Release|Any CPU
		{9002C588-C23A-4392-BCB7-E8274FF7A519}.SingleUserRelease|Any CPU.Build.0 = Release|Any CPU
		{9002C588-C23A-4392-BCB7-E8274FF7A519}.SingleUserRelease|Mixed Platforms.ActiveCfg = Release|Any CPU
		{9002C588-C23A-4392-BCB7-E8274FF7A519}.SingleUserRelease|Mixed Platforms.Build.0 = Release|Any CPU
		{9002C588-C23A-4392-BCB7-E8274FF7A519}.SingleUserRelease|x86.ActiveCfg = Release|Any CPU
		{316D660A-58C9-4946-B453-A1A12C0448FD}.Debug|Any CPU.ActiveCfg = Debug|Any CPU
		{316D660A-58C9-4946-B453-A1A12C0448FD}.Debug|Any CPU.Build.0 = Debug|Any CPU
		{316D660A-58C9-4946-B453-A1A12C0448FD}.Debug|Mixed Platforms.ActiveCfg = Debug|Any CPU
		{316D660A-58C9-4946-B453-A1A12C0448FD}.Debug|Mixed Platforms.Build.0 = Debug|Any CPU
		{316D660A-58C9-4946-B453-A1A12C0448FD}.Debug|x86.ActiveCfg = Debug|Any CPU
		{316D660A-58C9-4946-B453-A1A12C0448FD}.DemoRelease|Any CPU.ActiveCfg = Release|Any CPU
		{316D660A-58C9-4946-B453-A1A12C0448FD}.DemoRelease|Any CPU.Build.0 = Release|Any CPU
		{316D660A-58C9-4946-B453-A1A12C0448FD}.DemoRelease|Mixed Platforms.ActiveCfg = Release|Any CPU
		{316D660A-58C9-4946-B453-A1A12C0448FD}.DemoRelease|Mixed Platforms.Build.0 = Release|Any CPU
		{316D660A-58C9-4946-B453-A1A12C0448FD}.DemoRelease|x86.ActiveCfg = Release|Any CPU
		{316D660A-58C9-4946-B453-A1A12C0448FD}.Release|Any CPU.ActiveCfg = Release|Any CPU
		{316D660A-58C9-4946-B453-A1A12C0448FD}.Release|Any CPU.Build.0 = Release|Any CPU
		{316D660A-58C9-4946-B453-A1A12C0448FD}.Release|Mixed Platforms.ActiveCfg = Release|Any CPU
		{316D660A-58C9-4946-B453-A1A12C0448FD}.Release|Mixed Platforms.Build.0 = Release|Any CPU
		{316D660A-58C9-4946-B453-A1A12C0448FD}.Release|x86.ActiveCfg = Release|Any CPU
		{316D660A-58C9-4946-B453-A1A12C0448FD}.SingleUserRelease|Any CPU.ActiveCfg = Release|Any CPU
		{316D660A-58C9-4946-B453-A1A12C0448FD}.SingleUserRelease|Any CPU.Build.0 = Release|Any CPU
		{316D660A-58C9-4946-B453-A1A12C0448FD}.SingleUserRelease|Mixed Platforms.ActiveCfg = Release|Any CPU
		{316D660A-58C9-4946-B453-A1A12C0448FD}.SingleUserRelease|Mixed Platforms.Build.0 = Release|Any CPU
		{316D660A-58C9-4946-B453-A1A12C0448FD}.SingleUserRelease|x86.ActiveCfg = Release|Any CPU
		{167C2173-E7DB-460B-A3A7-70056022A4CA}.Debug|Any CPU.ActiveCfg = Debug|Any CPU
		{167C2173-E7DB-460B-A3A7-70056022A4CA}.Debug|Any CPU.Build.0 = Debug|Any CPU
		{167C2173-E7DB-460B-A3A7-70056022A4CA}.Debug|Mixed Platforms.ActiveCfg = Debug|Any CPU
		{167C2173-E7DB-460B-A3A7-70056022A4CA}.Debug|Mixed Platforms.Build.0 = Debug|Any CPU
		{167C2173-E7DB-460B-A3A7-70056022A4CA}.Debug|x86.ActiveCfg = Debug|Any CPU
		{167C2173-E7DB-460B-A3A7-70056022A4CA}.DemoRelease|Any CPU.ActiveCfg = Release|Any CPU
		{167C2173-E7DB-460B-A3A7-70056022A4CA}.DemoRelease|Any CPU.Build.0 = Release|Any CPU
		{167C2173-E7DB-460B-A3A7-70056022A4CA}.DemoRelease|Mixed Platforms.ActiveCfg = Release|Any CPU
		{167C2173-E7DB-460B-A3A7-70056022A4CA}.DemoRelease|Mixed Platforms.Build.0 = Release|Any CPU
		{167C2173-E7DB-460B-A3A7-70056022A4CA}.DemoRelease|x86.ActiveCfg = Release|Any CPU
		{167C2173-E7DB-460B-A3A7-70056022A4CA}.Release|Any CPU.ActiveCfg = Release|Any CPU
		{167C2173-E7DB-460B-A3A7-70056022A4CA}.Release|Any CPU.Build.0 = Release|Any CPU
		{167C2173-E7DB-460B-A3A7-70056022A4CA}.Release|Mixed Platforms.ActiveCfg = Release|Any CPU
		{167C2173-E7DB-460B-A3A7-70056022A4CA}.Release|Mixed Platforms.Build.0 = Release|Any CPU
		{167C2173-E7DB-460B-A3A7-70056022A4CA}.Release|x86.ActiveCfg = Release|Any CPU
		{167C2173-E7DB-460B-A3A7-70056022A4CA}.SingleUserRelease|Any CPU.ActiveCfg = Release|Any CPU
		{167C2173-E7DB-460B-A3A7-70056022A4CA}.SingleUserRelease|Any CPU.Build.0 = Release|Any CPU
		{167C2173-E7DB-460B-A3A7-70056022A4CA}.SingleUserRelease|Mixed Platforms.ActiveCfg = Release|Any CPU
		{167C2173-E7DB-460B-A3A7-70056022A4CA}.SingleUserRelease|Mixed Platforms.Build.0 = Release|Any CPU
		{167C2173-E7DB-460B-A3A7-70056022A4CA}.SingleUserRelease|x86.ActiveCfg = Release|Any CPU
		{54090ECF-2888-4F6B-A7BB-B2320E9C9E3D}.Debug|Any CPU.ActiveCfg = Debug|Any CPU
		{54090ECF-2888-4F6B-A7BB-B2320E9C9E3D}.Debug|Any CPU.Build.0 = Debug|Any CPU
		{54090ECF-2888-4F6B-A7BB-B2320E9C9E3D}.Debug|Mixed Platforms.ActiveCfg = Debug|Any CPU
		{54090ECF-2888-4F6B-A7BB-B2320E9C9E3D}.Debug|Mixed Platforms.Build.0 = Debug|Any CPU
		{54090ECF-2888-4F6B-A7BB-B2320E9C9E3D}.Debug|x86.ActiveCfg = Debug|Any CPU
		{54090ECF-2888-4F6B-A7BB-B2320E9C9E3D}.DemoRelease|Any CPU.ActiveCfg = Release|Any CPU
		{54090ECF-2888-4F6B-A7BB-B2320E9C9E3D}.DemoRelease|Any CPU.Build.0 = Release|Any CPU
		{54090ECF-2888-4F6B-A7BB-B2320E9C9E3D}.DemoRelease|Mixed Platforms.ActiveCfg = Release|Any CPU
		{54090ECF-2888-4F6B-A7BB-B2320E9C9E3D}.DemoRelease|Mixed Platforms.Build.0 = Release|Any CPU
		{54090ECF-2888-4F6B-A7BB-B2320E9C9E3D}.DemoRelease|x86.ActiveCfg = Release|Any CPU
		{54090ECF-2888-4F6B-A7BB-B2320E9C9E3D}.Release|Any CPU.ActiveCfg = Release|Any CPU
		{54090ECF-2888-4F6B-A7BB-B2320E9C9E3D}.Release|Any CPU.Build.0 = Release|Any CPU
		{54090ECF-2888-4F6B-A7BB-B2320E9C9E3D}.Release|Mixed Platforms.ActiveCfg = Release|Any CPU
		{54090ECF-2888-4F6B-A7BB-B2320E9C9E3D}.Release|Mixed Platforms.Build.0 = Release|Any CPU
		{54090ECF-2888-4F6B-A7BB-B2320E9C9E3D}.Release|x86.ActiveCfg = Release|Any CPU
		{54090ECF-2888-4F6B-A7BB-B2320E9C9E3D}.SingleUserRelease|Any CPU.ActiveCfg = Release|Any CPU
		{54090ECF-2888-4F6B-A7BB-B2320E9C9E3D}.SingleUserRelease|Any CPU.Build.0 = Release|Any CPU
		{54090ECF-2888-4F6B-A7BB-B2320E9C9E3D}.SingleUserRelease|Mixed Platforms.ActiveCfg = Release|Any CPU
		{54090ECF-2888-4F6B-A7BB-B2320E9C9E3D}.SingleUserRelease|Mixed Platforms.Build.0 = Release|Any CPU
		{54090ECF-2888-4F6B-A7BB-B2320E9C9E3D}.SingleUserRelease|x86.ActiveCfg = Release|Any CPU
		{5F512E01-106D-4794-AA8B-7B42BC79B9BB}.Debug|Any CPU.ActiveCfg = Debug|Any CPU
		{5F512E01-106D-4794-AA8B-7B42BC79B9BB}.Debug|Any CPU.Build.0 = Debug|Any CPU
		{5F512E01-106D-4794-AA8B-7B42BC79B9BB}.Debug|Mixed Platforms.ActiveCfg = Debug|Any CPU
		{5F512E01-106D-4794-AA8B-7B42BC79B9BB}.Debug|Mixed Platforms.Build.0 = Debug|Any CPU
		{5F512E01-106D-4794-AA8B-7B42BC79B9BB}.Debug|x86.ActiveCfg = Debug|Any CPU
		{5F512E01-106D-4794-AA8B-7B42BC79B9BB}.Debug|x86.Build.0 = Debug|Any CPU
		{5F512E01-106D-4794-AA8B-7B42BC79B9BB}.DemoRelease|Any CPU.ActiveCfg = Release|Any CPU
		{5F512E01-106D-4794-AA8B-7B42BC79B9BB}.DemoRelease|Any CPU.Build.0 = Release|Any CPU
		{5F512E01-106D-4794-AA8B-7B42BC79B9BB}.DemoRelease|Mixed Platforms.ActiveCfg = Release|Any CPU
		{5F512E01-106D-4794-AA8B-7B42BC79B9BB}.DemoRelease|Mixed Platforms.Build.0 = Release|Any CPU
		{5F512E01-106D-4794-AA8B-7B42BC79B9BB}.DemoRelease|x86.ActiveCfg = Release|Any CPU
		{5F512E01-106D-4794-AA8B-7B42BC79B9BB}.DemoRelease|x86.Build.0 = Release|Any CPU
		{5F512E01-106D-4794-AA8B-7B42BC79B9BB}.Release|Any CPU.ActiveCfg = Release|Any CPU
		{5F512E01-106D-4794-AA8B-7B42BC79B9BB}.Release|Any CPU.Build.0 = Release|Any CPU
		{5F512E01-106D-4794-AA8B-7B42BC79B9BB}.Release|Mixed Platforms.ActiveCfg = Release|Any CPU
		{5F512E01-106D-4794-AA8B-7B42BC79B9BB}.Release|Mixed Platforms.Build.0 = Release|Any CPU
		{5F512E01-106D-4794-AA8B-7B42BC79B9BB}.Release|x86.ActiveCfg = Release|Any CPU
		{5F512E01-106D-4794-AA8B-7B42BC79B9BB}.Release|x86.Build.0 = Release|Any CPU
		{5F512E01-106D-4794-AA8B-7B42BC79B9BB}.SingleUserRelease|Any CPU.ActiveCfg = Release|Any CPU
		{5F512E01-106D-4794-AA8B-7B42BC79B9BB}.SingleUserRelease|Any CPU.Build.0 = Release|Any CPU
		{5F512E01-106D-4794-AA8B-7B42BC79B9BB}.SingleUserRelease|Mixed Platforms.ActiveCfg = Release|Any CPU
		{5F512E01-106D-4794-AA8B-7B42BC79B9BB}.SingleUserRelease|Mixed Platforms.Build.0 = Release|Any CPU
		{5F512E01-106D-4794-AA8B-7B42BC79B9BB}.SingleUserRelease|x86.ActiveCfg = Release|Any CPU
		{5F512E01-106D-4794-AA8B-7B42BC79B9BB}.SingleUserRelease|x86.Build.0 = Release|Any CPU
	EndGlobalSection
	GlobalSection(SolutionProperties) = preSolution
		HideSolutionNode = FALSE
	EndGlobalSection
EndGlobal
